
Microsoft Visual Studio Solution File, Format Version 12.00
# Visual Studio Version 16
VisualStudioVersion = 16.0.30711.63
MinimumVisualStudioVersion = 10.0.40219.1
Project("{9A19103F-16F7-4668-BE54-9A1E7A4F7556}") = "OcphDAL", "..\..\trireksaapps\TrireksaApps\OcphDAL\OcphDAL.csproj", "{0FB93193-9500-4624-B991-CEC7C3B8CB90}"
EndProject
Project("{9A19103F-16F7-4668-BE54-9A1E7A4F7556}") = "ShareModels", "..\ShareModels\ShareModels.csproj", "{EF0CD1CF-F473-4E3F-82F8-7D6908E23DBD}"
EndProject
Project("{9A19103F-16F7-4668-BE54-9A1E7A4F7556}") = "WebClient", "WebClient\WebClient.csproj", "{2F5B1D4B-5A91-4BD9-8A2B-EEE4567E9AE0}"
EndProject
Global
	GlobalSection(SolutionConfigurationPlatforms) = preSolution
		Debug|Any CPU = Debug|Any CPU
		Release|Any CPU = Release|Any CPU
	EndGlobalSection
	GlobalSection(ProjectConfigurationPlatforms) = postSolution
		{0FB93193-9500-4624-B991-CEC7C3B8CB90}.Debug|Any CPU.ActiveCfg = Debug|Any CPU
		{0FB93193-9500-4624-B991-CEC7C3B8CB90}.Debug|Any CPU.Build.0 = Debug|Any CPU
		{0FB93193-9500-4624-B991-CEC7C3B8CB90}.Release|Any CPU.ActiveCfg = Release|Any CPU
		{0FB93193-9500-4624-B991-CEC7C3B8CB90}.Release|Any CPU.Build.0 = Release|Any CPU
		{EF0CD1CF-F473-4E3F-82F8-7D6908E23DBD}.Debug|Any CPU.ActiveCfg = Debug|Any CPU
		{EF0CD1CF-F473-4E3F-82F8-7D6908E23DBD}.Debug|Any CPU.Build.0 = Debug|Any CPU
		{EF0CD1CF-F473-4E3F-82F8-7D6908E23DBD}.Release|Any CPU.ActiveCfg = Release|Any CPU
		{EF0CD1CF-F473-4E3F-82F8-7D6908E23DBD}.Release|Any CPU.Build.0 = Release|Any CPU
		{2F5B1D4B-5A91-4BD9-8A2B-EEE4567E9AE0}.Debug|Any CPU.ActiveCfg = Debug|Any CPU
		{2F5B1D4B-5A91-4BD9-8A2B-EEE4567E9AE0}.Debug|Any CPU.Build.0 = Debug|Any CPU
		{2F5B1D4B-5A91-4BD9-8A2B-EEE4567E9AE0}.Release|Any CPU.ActiveCfg = Release|Any CPU
		{2F5B1D4B-5A91-4BD9-8A2B-EEE4567E9AE0}.Release|Any CPU.Build.0 = Release|Any CPU
	EndGlobalSection
	GlobalSection(SolutionProperties) = preSolution
		HideSolutionNode = FALSE
	EndGlobalSection
	GlobalSection(ExtensibilityGlobals) = postSolution
		SolutionGuid = {61354A3A-A68D-4A3D-94D6-98F63E2C8422}
	EndGlobalSection
EndGlobal
