
Microsoft Visual Studio Solution File, Format Version 12.00
# Visual Studio Version 17
VisualStudioVersion = 17.0.31717.71
MinimumVisualStudioVersion = 10.0.40219.1
Project("{9A19103F-16F7-4668-BE54-9A1E7A4F7556}") = "ShareModels", "ShareModels\ShareModels.csproj", "{EF0CD1CF-F473-4E3F-82F8-7D6908E23DBD}"
EndProject
Project("{9A19103F-16F7-4668-BE54-9A1E7A4F7556}") = "WebClient", "WebClient\WebClient.csproj", "{2F5B1D4B-5A91-4BD9-8A2B-EEE4567E9AE0}"
EndProject
Project("{FAE04EC0-301F-11D3-BF4B-00C04F79EFBC}") = "ElishAppMobile.Android", "ElishAppMobile\ElishAppMobile.Android\ElishAppMobile.Android.csproj", "{19C07E45-B0C0-47D4-AD09-43C72A855066}"
EndProject
Project("{9A19103F-16F7-4668-BE54-9A1E7A4F7556}") = "ElishAppMobile", "ElishAppMobile\ElishAppMobile\ElishAppMobile.csproj", "{7C4DB746-1BD6-4DCC-96A0-F33107D3470C}"
EndProject
Project("{E53339B2-1760-4266-BCC7-CA923CBCF16C}") = "docker-compose", "docker-compose.dcproj", "{AB9414D6-8240-4635-9000-80A067191C7E}"
EndProject
Project("{FAE04EC0-301F-11D3-BF4B-00C04F79EFBC}") = "ApsWebApp", "..\ApsWebApp\ApsWebApp.csproj", "{6EDA2990-4A5D-408E-B8D2-309B4E9D9B6F}"
EndProject
Global
	GlobalSection(SolutionConfigurationPlatforms) = preSolution
		Debug|Any CPU = Debug|Any CPU
		Debug|ARM = Debug|ARM
		Debug|ARM64 = Debug|ARM64
		Debug|x64 = Debug|x64
		Debug|x86 = Debug|x86
		Release|Any CPU = Release|Any CPU
		Release|ARM = Release|ARM
		Release|ARM64 = Release|ARM64
		Release|x64 = Release|x64
		Release|x86 = Release|x86
	EndGlobalSection
	GlobalSection(ProjectConfigurationPlatforms) = postSolution
		{EF0CD1CF-F473-4E3F-82F8-7D6908E23DBD}.Debug|Any CPU.ActiveCfg = Debug|Any CPU
		{EF0CD1CF-F473-4E3F-82F8-7D6908E23DBD}.Debug|Any CPU.Build.0 = Debug|Any CPU
		{EF0CD1CF-F473-4E3F-82F8-7D6908E23DBD}.Debug|ARM.ActiveCfg = Debug|Any CPU
		{EF0CD1CF-F473-4E3F-82F8-7D6908E23DBD}.Debug|ARM.Build.0 = Debug|Any CPU
		{EF0CD1CF-F473-4E3F-82F8-7D6908E23DBD}.Debug|ARM64.ActiveCfg = Debug|Any CPU
		{EF0CD1CF-F473-4E3F-82F8-7D6908E23DBD}.Debug|ARM64.Build.0 = Debug|Any CPU
		{EF0CD1CF-F473-4E3F-82F8-7D6908E23DBD}.Debug|x64.ActiveCfg = Debug|Any CPU
		{EF0CD1CF-F473-4E3F-82F8-7D6908E23DBD}.Debug|x64.Build.0 = Debug|Any CPU
		{EF0CD1CF-F473-4E3F-82F8-7D6908E23DBD}.Debug|x86.ActiveCfg = Debug|Any CPU
		{EF0CD1CF-F473-4E3F-82F8-7D6908E23DBD}.Debug|x86.Build.0 = Debug|Any CPU
		{EF0CD1CF-F473-4E3F-82F8-7D6908E23DBD}.Release|Any CPU.ActiveCfg = Release|Any CPU
		{EF0CD1CF-F473-4E3F-82F8-7D6908E23DBD}.Release|Any CPU.Build.0 = Release|Any CPU
		{EF0CD1CF-F473-4E3F-82F8-7D6908E23DBD}.Release|ARM.ActiveCfg = Release|Any CPU
		{EF0CD1CF-F473-4E3F-82F8-7D6908E23DBD}.Release|ARM.Build.0 = Release|Any CPU
		{EF0CD1CF-F473-4E3F-82F8-7D6908E23DBD}.Release|ARM64.ActiveCfg = Release|Any CPU
		{EF0CD1CF-F473-4E3F-82F8-7D6908E23DBD}.Release|ARM64.Build.0 = Release|Any CPU
		{EF0CD1CF-F473-4E3F-82F8-7D6908E23DBD}.Release|x64.ActiveCfg = Release|Any CPU
		{EF0CD1CF-F473-4E3F-82F8-7D6908E23DBD}.Release|x64.Build.0 = Release|Any CPU
		{EF0CD1CF-F473-4E3F-82F8-7D6908E23DBD}.Release|x86.ActiveCfg = Release|Any CPU
		{EF0CD1CF-F473-4E3F-82F8-7D6908E23DBD}.Release|x86.Build.0 = Release|Any CPU
		{2F5B1D4B-5A91-4BD9-8A2B-EEE4567E9AE0}.Debug|Any CPU.ActiveCfg = Debug|Any CPU
		{2F5B1D4B-5A91-4BD9-8A2B-EEE4567E9AE0}.Debug|Any CPU.Build.0 = Debug|Any CPU
		{2F5B1D4B-5A91-4BD9-8A2B-EEE4567E9AE0}.Debug|ARM.ActiveCfg = Debug|Any CPU
		{2F5B1D4B-5A91-4BD9-8A2B-EEE4567E9AE0}.Debug|ARM.Build.0 = Debug|Any CPU
		{2F5B1D4B-5A91-4BD9-8A2B-EEE4567E9AE0}.Debug|ARM64.ActiveCfg = Debug|Any CPU
		{2F5B1D4B-5A91-4BD9-8A2B-EEE4567E9AE0}.Debug|ARM64.Build.0 = Debug|Any CPU
		{2F5B1D4B-5A91-4BD9-8A2B-EEE4567E9AE0}.Debug|x64.ActiveCfg = Debug|Any CPU
		{2F5B1D4B-5A91-4BD9-8A2B-EEE4567E9AE0}.Debug|x64.Build.0 = Debug|Any CPU
		{2F5B1D4B-5A91-4BD9-8A2B-EEE4567E9AE0}.Debug|x86.ActiveCfg = Debug|Any CPU
		{2F5B1D4B-5A91-4BD9-8A2B-EEE4567E9AE0}.Debug|x86.Build.0 = Debug|Any CPU
		{2F5B1D4B-5A91-4BD9-8A2B-EEE4567E9AE0}.Release|Any CPU.ActiveCfg = Release|Any CPU
		{2F5B1D4B-5A91-4BD9-8A2B-EEE4567E9AE0}.Release|Any CPU.Build.0 = Release|Any CPU
		{2F5B1D4B-5A91-4BD9-8A2B-EEE4567E9AE0}.Release|ARM.ActiveCfg = Release|Any CPU
		{2F5B1D4B-5A91-4BD9-8A2B-EEE4567E9AE0}.Release|ARM.Build.0 = Release|Any CPU
		{2F5B1D4B-5A91-4BD9-8A2B-EEE4567E9AE0}.Release|ARM64.ActiveCfg = Release|Any CPU
		{2F5B1D4B-5A91-4BD9-8A2B-EEE4567E9AE0}.Release|ARM64.Build.0 = Release|Any CPU
		{2F5B1D4B-5A91-4BD9-8A2B-EEE4567E9AE0}.Release|x64.ActiveCfg = Release|Any CPU
		{2F5B1D4B-5A91-4BD9-8A2B-EEE4567E9AE0}.Release|x64.Build.0 = Release|Any CPU
		{2F5B1D4B-5A91-4BD9-8A2B-EEE4567E9AE0}.Release|x86.ActiveCfg = Release|Any CPU
		{2F5B1D4B-5A91-4BD9-8A2B-EEE4567E9AE0}.Release|x86.Build.0 = Release|Any CPU
		{19C07E45-B0C0-47D4-AD09-43C72A855066}.Debug|Any CPU.ActiveCfg = Debug|Any CPU
		{19C07E45-B0C0-47D4-AD09-43C72A855066}.Debug|Any CPU.Build.0 = Debug|Any CPU
		{19C07E45-B0C0-47D4-AD09-43C72A855066}.Debug|Any CPU.Deploy.0 = Debug|Any CPU
		{19C07E45-B0C0-47D4-AD09-43C72A855066}.Debug|ARM.ActiveCfg = Debug|Any CPU
		{19C07E45-B0C0-47D4-AD09-43C72A855066}.Debug|ARM.Build.0 = Debug|Any CPU
		{19C07E45-B0C0-47D4-AD09-43C72A855066}.Debug|ARM.Deploy.0 = Debug|Any CPU
		{19C07E45-B0C0-47D4-AD09-43C72A855066}.Debug|ARM64.ActiveCfg = Debug|Any CPU
		{19C07E45-B0C0-47D4-AD09-43C72A855066}.Debug|ARM64.Build.0 = Debug|Any CPU
		{19C07E45-B0C0-47D4-AD09-43C72A855066}.Debug|ARM64.Deploy.0 = Debug|Any CPU
		{19C07E45-B0C0-47D4-AD09-43C72A855066}.Debug|x64.ActiveCfg = Debug|Any CPU
		{19C07E45-B0C0-47D4-AD09-43C72A855066}.Debug|x64.Build.0 = Debug|Any CPU
		{19C07E45-B0C0-47D4-AD09-43C72A855066}.Debug|x64.Deploy.0 = Debug|Any CPU
		{19C07E45-B0C0-47D4-AD09-43C72A855066}.Debug|x86.ActiveCfg = Debug|Any CPU
		{19C07E45-B0C0-47D4-AD09-43C72A855066}.Debug|x86.Build.0 = Debug|Any CPU
		{19C07E45-B0C0-47D4-AD09-43C72A855066}.Debug|x86.Deploy.0 = Debug|Any CPU
		{19C07E45-B0C0-47D4-AD09-43C72A855066}.Release|Any CPU.ActiveCfg = Release|Any CPU
		{19C07E45-B0C0-47D4-AD09-43C72A855066}.Release|Any CPU.Build.0 = Release|Any CPU
		{19C07E45-B0C0-47D4-AD09-43C72A855066}.Release|Any CPU.Deploy.0 = Release|Any CPU
		{19C07E45-B0C0-47D4-AD09-43C72A855066}.Release|ARM.ActiveCfg = Release|Any CPU
		{19C07E45-B0C0-47D4-AD09-43C72A855066}.Release|ARM.Build.0 = Release|Any CPU
		{19C07E45-B0C0-47D4-AD09-43C72A855066}.Release|ARM.Deploy.0 = Release|Any CPU
		{19C07E45-B0C0-47D4-AD09-43C72A855066}.Release|ARM64.ActiveCfg = Release|Any CPU
		{19C07E45-B0C0-47D4-AD09-43C72A855066}.Release|ARM64.Build.0 = Release|Any CPU
		{19C07E45-B0C0-47D4-AD09-43C72A855066}.Release|ARM64.Deploy.0 = Release|Any CPU
		{19C07E45-B0C0-47D4-AD09-43C72A855066}.Release|x64.ActiveCfg = Release|Any CPU
		{19C07E45-B0C0-47D4-AD09-43C72A855066}.Release|x64.Build.0 = Release|Any CPU
		{19C07E45-B0C0-47D4-AD09-43C72A855066}.Release|x64.Deploy.0 = Release|Any CPU
		{19C07E45-B0C0-47D4-AD09-43C72A855066}.Release|x86.ActiveCfg = Release|Any CPU
		{19C07E45-B0C0-47D4-AD09-43C72A855066}.Release|x86.Build.0 = Release|Any CPU
		{19C07E45-B0C0-47D4-AD09-43C72A855066}.Release|x86.Deploy.0 = Release|Any CPU
		{7C4DB746-1BD6-4DCC-96A0-F33107D3470C}.Debug|Any CPU.ActiveCfg = Debug|Any CPU
		{7C4DB746-1BD6-4DCC-96A0-F33107D3470C}.Debug|Any CPU.Build.0 = Debug|Any CPU
		{7C4DB746-1BD6-4DCC-96A0-F33107D3470C}.Debug|ARM.ActiveCfg = Debug|Any CPU
		{7C4DB746-1BD6-4DCC-96A0-F33107D3470C}.Debug|ARM.Build.0 = Debug|Any CPU
		{7C4DB746-1BD6-4DCC-96A0-F33107D3470C}.Debug|ARM64.ActiveCfg = Debug|Any CPU
		{7C4DB746-1BD6-4DCC-96A0-F33107D3470C}.Debug|ARM64.Build.0 = Debug|Any CPU
		{7C4DB746-1BD6-4DCC-96A0-F33107D3470C}.Debug|x64.ActiveCfg = Debug|Any CPU
		{7C4DB746-1BD6-4DCC-96A0-F33107D3470C}.Debug|x64.Build.0 = Debug|Any CPU
		{7C4DB746-1BD6-4DCC-96A0-F33107D3470C}.Debug|x86.ActiveCfg = Debug|Any CPU
		{7C4DB746-1BD6-4DCC-96A0-F33107D3470C}.Debug|x86.Build.0 = Debug|Any CPU
		{7C4DB746-1BD6-4DCC-96A0-F33107D3470C}.Release|Any CPU.ActiveCfg = Release|Any CPU
		{7C4DB746-1BD6-4DCC-96A0-F33107D3470C}.Release|Any CPU.Build.0 = Release|Any CPU
		{7C4DB746-1BD6-4DCC-96A0-F33107D3470C}.Release|ARM.ActiveCfg = Release|Any CPU
		{7C4DB746-1BD6-4DCC-96A0-F33107D3470C}.Release|ARM.Build.0 = Release|Any CPU
		{7C4DB746-1BD6-4DCC-96A0-F33107D3470C}.Release|ARM64.ActiveCfg = Release|Any CPU
		{7C4DB746-1BD6-4DCC-96A0-F33107D3470C}.Release|ARM64.Build.0 = Release|Any CPU
		{7C4DB746-1BD6-4DCC-96A0-F33107D3470C}.Release|x64.ActiveCfg = Release|Any CPU
		{7C4DB746-1BD6-4DCC-96A0-F33107D3470C}.Release|x64.Build.0 = Release|Any CPU
		{7C4DB746-1BD6-4DCC-96A0-F33107D3470C}.Release|x86.ActiveCfg = Release|Any CPU
		{7C4DB746-1BD6-4DCC-96A0-F33107D3470C}.Release|x86.Build.0 = Release|Any CPU
		{AB9414D6-8240-4635-9000-80A067191C7E}.Debug|Any CPU.ActiveCfg = Debug|Any CPU
		{AB9414D6-8240-4635-9000-80A067191C7E}.Debug|Any CPU.Build.0 = Debug|Any CPU
		{AB9414D6-8240-4635-9000-80A067191C7E}.Debug|ARM.ActiveCfg = Debug|Any CPU
		{AB9414D6-8240-4635-9000-80A067191C7E}.Debug|ARM.Build.0 = Debug|Any CPU
		{AB9414D6-8240-4635-9000-80A067191C7E}.Debug|ARM64.ActiveCfg = Debug|Any CPU
		{AB9414D6-8240-4635-9000-80A067191C7E}.Debug|ARM64.Build.0 = Debug|Any CPU
		{AB9414D6-8240-4635-9000-80A067191C7E}.Debug|x64.ActiveCfg = Debug|Any CPU
		{AB9414D6-8240-4635-9000-80A067191C7E}.Debug|x64.Build.0 = Debug|Any CPU
		{AB9414D6-8240-4635-9000-80A067191C7E}.Debug|x86.ActiveCfg = Debug|Any CPU
		{AB9414D6-8240-4635-9000-80A067191C7E}.Debug|x86.Build.0 = Debug|Any CPU
		{AB9414D6-8240-4635-9000-80A067191C7E}.Release|Any CPU.ActiveCfg = Release|Any CPU
		{AB9414D6-8240-4635-9000-80A067191C7E}.Release|Any CPU.Build.0 = Release|Any CPU
		{AB9414D6-8240-4635-9000-80A067191C7E}.Release|ARM.ActiveCfg = Release|Any CPU
		{AB9414D6-8240-4635-9000-80A067191C7E}.Release|ARM.Build.0 = Release|Any CPU
		{AB9414D6-8240-4635-9000-80A067191C7E}.Release|ARM64.ActiveCfg = Release|Any CPU
		{AB9414D6-8240-4635-9000-80A067191C7E}.Release|ARM64.Build.0 = Release|Any CPU
		{AB9414D6-8240-4635-9000-80A067191C7E}.Release|x64.ActiveCfg = Release|Any CPU
		{AB9414D6-8240-4635-9000-80A067191C7E}.Release|x64.Build.0 = Release|Any CPU
		{AB9414D6-8240-4635-9000-80A067191C7E}.Release|x86.ActiveCfg = Release|Any CPU
		{AB9414D6-8240-4635-9000-80A067191C7E}.Release|x86.Build.0 = Release|Any CPU
		{6EDA2990-4A5D-408E-B8D2-309B4E9D9B6F}.Debug|Any CPU.ActiveCfg = Debug|Any CPU
		{6EDA2990-4A5D-408E-B8D2-309B4E9D9B6F}.Debug|Any CPU.Build.0 = Debug|Any CPU
		{6EDA2990-4A5D-408E-B8D2-309B4E9D9B6F}.Debug|ARM.ActiveCfg = Debug|Any CPU
		{6EDA2990-4A5D-408E-B8D2-309B4E9D9B6F}.Debug|ARM.Build.0 = Debug|Any CPU
		{6EDA2990-4A5D-408E-B8D2-309B4E9D9B6F}.Debug|ARM64.ActiveCfg = Debug|Any CPU
		{6EDA2990-4A5D-408E-B8D2-309B4E9D9B6F}.Debug|ARM64.Build.0 = Debug|Any CPU
		{6EDA2990-4A5D-408E-B8D2-309B4E9D9B6F}.Debug|x64.ActiveCfg = Debug|Any CPU
		{6EDA2990-4A5D-408E-B8D2-309B4E9D9B6F}.Debug|x64.Build.0 = Debug|Any CPU
		{6EDA2990-4A5D-408E-B8D2-309B4E9D9B6F}.Debug|x86.ActiveCfg = Debug|Any CPU
		{6EDA2990-4A5D-408E-B8D2-309B4E9D9B6F}.Debug|x86.Build.0 = Debug|Any CPU
		{6EDA2990-4A5D-408E-B8D2-309B4E9D9B6F}.Release|Any CPU.ActiveCfg = Release|Any CPU
		{6EDA2990-4A5D-408E-B8D2-309B4E9D9B6F}.Release|Any CPU.Build.0 = Release|Any CPU
		{6EDA2990-4A5D-408E-B8D2-309B4E9D9B6F}.Release|ARM.ActiveCfg = Release|Any CPU
		{6EDA2990-4A5D-408E-B8D2-309B4E9D9B6F}.Release|ARM.Build.0 = Release|Any CPU
		{6EDA2990-4A5D-408E-B8D2-309B4E9D9B6F}.Release|ARM64.ActiveCfg = Release|Any CPU
		{6EDA2990-4A5D-408E-B8D2-309B4E9D9B6F}.Release|ARM64.Build.0 = Release|Any CPU
		{6EDA2990-4A5D-408E-B8D2-309B4E9D9B6F}.Release|x64.ActiveCfg = Release|Any CPU
		{6EDA2990-4A5D-408E-B8D2-309B4E9D9B6F}.Release|x64.Build.0 = Release|Any CPU
		{6EDA2990-4A5D-408E-B8D2-309B4E9D9B6F}.Release|x86.ActiveCfg = Release|Any CPU
		{6EDA2990-4A5D-408E-B8D2-309B4E9D9B6F}.Release|x86.Build.0 = Release|Any CPU
	EndGlobalSection
	GlobalSection(SolutionProperties) = preSolution
		HideSolutionNode = FALSE
	EndGlobalSection
	GlobalSection(ExtensibilityGlobals) = postSolution
		SolutionGuid = {61354A3A-A68D-4A3D-94D6-98F63E2C8422}
	EndGlobalSection
EndGlobal
